
Microsoft Visual Studio Solution File, Format Version 12.00
# Visual Studio Version 16
VisualStudioVersion = 16.0.31005.135
MinimumVisualStudioVersion = 10.0.40219.1
Project("{FAE04EC0-301F-11D3-BF4B-00C04F79EFBC}") = "Assign10Bowling", "Assign10Bowling.csproj", "{221650EF-83BA-4A35-ADD4-C46593008CF4}"
EndProject
Global
	GlobalSection(SolutionConfigurationPlatforms) = preSolution
		Debug|Any CPU = Debug|Any CPU
		Release|Any CPU = Release|Any CPU
	EndGlobalSection
	GlobalSection(ProjectConfigurationPlatforms) = postSolution
		{221650EF-83BA-4A35-ADD4-C46593008CF4}.Debug|Any CPU.ActiveCfg = Debug|Any CPU
		{221650EF-83BA-4A35-ADD4-C46593008CF4}.Debug|Any CPU.Build.0 = Debug|Any CPU
		{221650EF-83BA-4A35-ADD4-C46593008CF4}.Release|Any CPU.ActiveCfg = Release|Any CPU
		{221650EF-83BA-4A35-ADD4-C46593008CF4}.Release|Any CPU.Build.0 = Release|Any CPU
	EndGlobalSection
	GlobalSection(SolutionProperties) = preSolution
		HideSolutionNode = FALSE
	EndGlobalSection
	GlobalSection(ExtensibilityGlobals) = postSolution
		SolutionGuid = {7930DA5A-8381-438B-B060-DD4A44F740B2}
	EndGlobalSection
EndGlobal
